{
  "name": "quill-test",
  "version": "1.0.0",
  "lockfileVersion": 2,
  "requires": true,
  "packages": {
    "": {
      "version": "1.0.0",
      "license": "ISC",
      "dependencies": {
        "quill-better-table": "^1.2.10"
      }
    },
    "node_modules/quill-better-table": {
      "version": "1.2.10",
      "resolved": "https://registry.npmjs.org/quill-better-table/-/quill-better-table-1.2.10.tgz",
      "integrity": "sha512-CFwxAQzt4EPCQuynQ65R/FU7Yu//kcDBb/rmBBOsFfO758+q50zvG/PDt4Lenv9DcrSgwnyNkfo4yeA5fzzVYQ=="
    }
  },
  "dependencies": {
    "quill-better-table": {
      "version": "1.2.10",
      "resolved": "https://registry.npmjs.org/quill-better-table/-/quill-better-table-1.2.10.tgz",
      "integrity": "sha512-CFwxAQzt4EPCQuynQ65R/FU7Yu//kcDBb/rmBBOsFfO758+q50zvG/PDt4Lenv9DcrSgwnyNkfo4yeA5fzzVYQ=="
    }
  }
}
